
Microsoft Visual Studio Solution File, Format Version 12.00
# Visual Studio Version 16
VisualStudioVersion = 16.0.32802.440
MinimumVisualStudioVersion = 10.0.40219.1
Project("{FAE04EC0-301F-11D3-BF4B-00C04F79EFBC}") = "EscopodeVarieveis", "EscopodeVarieveis\EscopodeVarieveis.csproj", "{9DB197F3-287E-480F-9F3E-49A3314AF391}"
EndProject
Project("{FAE04EC0-301F-11D3-BF4B-00C04F79EFBC}") = "Variaveis", "Variaveis\Variaveis.csproj", "{ABD49CFA-00DD-44ED-81C6-9F9981E92165}"
EndProject
Project("{FAE04EC0-301F-11D3-BF4B-00C04F79EFBC}") = "Operadores", "Operadores\Operadores.csproj", "{21141991-F1E5-4AB4-812E-EE11818F54DA}"
EndProject
Project("{FAE04EC0-301F-11D3-BF4B-00C04F79EFBC}") = "FormatandoSaida", "FormatandoSaida\FormatandoSaida.csproj", "{55B3C8DA-4170-4F2D-B35B-79DA8D9EA7DE}"
EndProject
Project("{FAE04EC0-301F-11D3-BF4B-00C04F79EFBC}") = "Constantes", "Constantes\Constantes.csproj", "{29699D8A-CA65-495C-A3C1-424637D48B0D}"
EndProject
Project("{FAE04EC0-301F-11D3-BF4B-00C04F79EFBC}") = "LendoValores", "LendoValores\LendoValores.csproj", "{A768FF3F-0D7A-4BC9-A28D-1CAE18342C79}"
EndProject
Project("{FAE04EC0-301F-11D3-BF4B-00C04F79EFBC}") = "Exercicio01", "Exercicio01\Exercicio01.csproj", "{E38E8313-8B7E-42D4-BBBB-F5FF85BDB5AB}"
EndProject
Project("{FAE04EC0-301F-11D3-BF4B-00C04F79EFBC}") = "Bitwise", "Bitwise\Bitwise.csproj", "{47DC427B-878A-456C-B5AA-EBDDA1B25547}"
EndProject
Project("{FAE04EC0-301F-11D3-BF4B-00C04F79EFBC}") = "enumeradores", "enumeradores\enumeradores.csproj", "{26E4A112-252D-4B1A-B5BE-D09DFBDD296A}"
EndProject
Project("{FAE04EC0-301F-11D3-BF4B-00C04F79EFBC}") = "Condicionais", "ConversõesdeTipos\Condicionais.csproj", "{3BFEF32D-99ED-4D7B-B3E6-D6608DFC7118}"
EndProject
Project("{FAE04EC0-301F-11D3-BF4B-00C04F79EFBC}") = "Exercicio02", "Exercicio02\Exercicio02.csproj", "{61DC0495-3830-4788-8221-11F8A0B71226}"
EndProject
Project("{FAE04EC0-301F-11D3-BF4B-00C04F79EFBC}") = "CondicionaisSwitch", "CondicionaisSwitch\CondicionaisSwitch.csproj", "{93858434-B820-423B-8CF8-005A18C5A291}"
EndProject
Project("{FAE04EC0-301F-11D3-BF4B-00C04F79EFBC}") = "Array", "Array\Array.csproj", "{27118DFF-1E5B-4199-ACF0-F7108714414E}"
EndProject
Project("{FAE04EC0-301F-11D3-BF4B-00C04F79EFBC}") = "matriz", "matriz\matriz.csproj", "{C0F4D966-78C8-4304-BFEF-77E1037A1DBE}"
EndProject
Project("{FAE04EC0-301F-11D3-BF4B-00C04F79EFBC}") = "LoopFor", "LoopFor\LoopFor.csproj", "{782543DD-881E-49E8-B610-3563AAD8B5A6}"
EndProject
Project("{FAE04EC0-301F-11D3-BF4B-00C04F79EFBC}") = "LoopWhile", "LoopWhile\LoopWhile.csproj", "{BDC3D937-7637-4992-81EF-28EBB48C64B8}"
EndProject
Project("{FAE04EC0-301F-11D3-BF4B-00C04F79EFBC}") = "Foreach", "Foreach\Foreach.csproj", "{CB054E13-EFA9-4B02-AE51-749F32D4CCC1}"
EndProject
Project("{FAE04EC0-301F-11D3-BF4B-00C04F79EFBC}") = "Exercicio03", "Exercicio03\Exercicio03.csproj", "{DC8D9759-1C0B-4E0C-BEE9-22DF2F43530D}"
EndProject
Project("{FAE04EC0-301F-11D3-BF4B-00C04F79EFBC}") = "Metodos", "Metodos\Metodos.csproj", "{06F46C11-40B5-4A20-BD55-00D0A68FDE3E}"
EndProject
Project("{FAE04EC0-301F-11D3-BF4B-00C04F79EFBC}") = "Exercicio04", "Exercicio04\Exercicio04.csproj", "{ACB7C35D-D74B-49FE-B681-974AF22CAFFF}"
EndProject
Project("{FAE04EC0-301F-11D3-BF4B-00C04F79EFBC}") = "Exercicio05", "Exercicio05\Exercicio05.csproj", "{A1343039-E5BA-4B01-9F95-4C396608F507}"
EndProject
Project("{FAE04EC0-301F-11D3-BF4B-00C04F79EFBC}") = "Metodos01", "Metodos01\Metodos01.csproj", "{1F166D34-1A47-4260-BDE5-A7B8429C7C68}"
EndProject
Project("{FAE04EC0-301F-11D3-BF4B-00C04F79EFBC}") = "Objeto", "Objeto\Objeto.csproj", "{717E0234-A05B-41C4-86AC-55DBBAD67AC0}"
EndProject
Project("{FAE04EC0-301F-11D3-BF4B-00C04F79EFBC}") = "This", "This\This.csproj", "{8B10A8A9-A86B-41C3-9565-35AF8F592816}"
EndProject
Project("{FAE04EC0-301F-11D3-BF4B-00C04F79EFBC}") = "ModificadordeAcesso", "ModificadordeAcesso\ModificadordeAcesso.csproj", "{3DCB12D6-7362-4B47-9D07-A6BFC3F5B07B}"
EndProject
Global
	GlobalSection(SolutionConfigurationPlatforms) = preSolution
		Debug|Any CPU = Debug|Any CPU
		Release|Any CPU = Release|Any CPU
	EndGlobalSection
	GlobalSection(ProjectConfigurationPlatforms) = postSolution
		{9DB197F3-287E-480F-9F3E-49A3314AF391}.Debug|Any CPU.ActiveCfg = Debug|Any CPU
		{9DB197F3-287E-480F-9F3E-49A3314AF391}.Debug|Any CPU.Build.0 = Debug|Any CPU
		{9DB197F3-287E-480F-9F3E-49A3314AF391}.Release|Any CPU.ActiveCfg = Release|Any CPU
		{9DB197F3-287E-480F-9F3E-49A3314AF391}.Release|Any CPU.Build.0 = Release|Any CPU
		{ABD49CFA-00DD-44ED-81C6-9F9981E92165}.Debug|Any CPU.ActiveCfg = Debug|Any CPU
		{ABD49CFA-00DD-44ED-81C6-9F9981E92165}.Debug|Any CPU.Build.0 = Debug|Any CPU
		{ABD49CFA-00DD-44ED-81C6-9F9981E92165}.Release|Any CPU.ActiveCfg = Release|Any CPU
		{ABD49CFA-00DD-44ED-81C6-9F9981E92165}.Release|Any CPU.Build.0 = Release|Any CPU
		{21141991-F1E5-4AB4-812E-EE11818F54DA}.Debug|Any CPU.ActiveCfg = Debug|Any CPU
		{21141991-F1E5-4AB4-812E-EE11818F54DA}.Debug|Any CPU.Build.0 = Debug|Any CPU
		{21141991-F1E5-4AB4-812E-EE11818F54DA}.Release|Any CPU.ActiveCfg = Release|Any CPU
		{21141991-F1E5-4AB4-812E-EE11818F54DA}.Release|Any CPU.Build.0 = Release|Any CPU
		{55B3C8DA-4170-4F2D-B35B-79DA8D9EA7DE}.Debug|Any CPU.ActiveCfg = Debug|Any CPU
		{55B3C8DA-4170-4F2D-B35B-79DA8D9EA7DE}.Debug|Any CPU.Build.0 = Debug|Any CPU
		{55B3C8DA-4170-4F2D-B35B-79DA8D9EA7DE}.Release|Any CPU.ActiveCfg = Release|Any CPU
		{55B3C8DA-4170-4F2D-B35B-79DA8D9EA7DE}.Release|Any CPU.Build.0 = Release|Any CPU
		{29699D8A-CA65-495C-A3C1-424637D48B0D}.Debug|Any CPU.ActiveCfg = Debug|Any CPU
		{29699D8A-CA65-495C-A3C1-424637D48B0D}.Debug|Any CPU.Build.0 = Debug|Any CPU
		{29699D8A-CA65-495C-A3C1-424637D48B0D}.Release|Any CPU.ActiveCfg = Release|Any CPU
		{29699D8A-CA65-495C-A3C1-424637D48B0D}.Release|Any CPU.Build.0 = Release|Any CPU
		{A768FF3F-0D7A-4BC9-A28D-1CAE18342C79}.Debug|Any CPU.ActiveCfg = Debug|Any CPU
		{A768FF3F-0D7A-4BC9-A28D-1CAE18342C79}.Debug|Any CPU.Build.0 = Debug|Any CPU
		{A768FF3F-0D7A-4BC9-A28D-1CAE18342C79}.Release|Any CPU.ActiveCfg = Release|Any CPU
		{A768FF3F-0D7A-4BC9-A28D-1CAE18342C79}.Release|Any CPU.Build.0 = Release|Any CPU
		{E38E8313-8B7E-42D4-BBBB-F5FF85BDB5AB}.Debug|Any CPU.ActiveCfg = Debug|Any CPU
		{E38E8313-8B7E-42D4-BBBB-F5FF85BDB5AB}.Debug|Any CPU.Build.0 = Debug|Any CPU
		{E38E8313-8B7E-42D4-BBBB-F5FF85BDB5AB}.Release|Any CPU.ActiveCfg = Release|Any CPU
		{E38E8313-8B7E-42D4-BBBB-F5FF85BDB5AB}.Release|Any CPU.Build.0 = Release|Any CPU
		{47DC427B-878A-456C-B5AA-EBDDA1B25547}.Debug|Any CPU.ActiveCfg = Debug|Any CPU
		{47DC427B-878A-456C-B5AA-EBDDA1B25547}.Debug|Any CPU.Build.0 = Debug|Any CPU
		{47DC427B-878A-456C-B5AA-EBDDA1B25547}.Release|Any CPU.ActiveCfg = Release|Any CPU
		{47DC427B-878A-456C-B5AA-EBDDA1B25547}.Release|Any CPU.Build.0 = Release|Any CPU
		{26E4A112-252D-4B1A-B5BE-D09DFBDD296A}.Debug|Any CPU.ActiveCfg = Debug|Any CPU
		{26E4A112-252D-4B1A-B5BE-D09DFBDD296A}.Debug|Any CPU.Build.0 = Debug|Any CPU
		{26E4A112-252D-4B1A-B5BE-D09DFBDD296A}.Release|Any CPU.ActiveCfg = Release|Any CPU
		{26E4A112-252D-4B1A-B5BE-D09DFBDD296A}.Release|Any CPU.Build.0 = Release|Any CPU
		{3BFEF32D-99ED-4D7B-B3E6-D6608DFC7118}.Debug|Any CPU.ActiveCfg = Debug|Any CPU
		{3BFEF32D-99ED-4D7B-B3E6-D6608DFC7118}.Debug|Any CPU.Build.0 = Debug|Any CPU
		{3BFEF32D-99ED-4D7B-B3E6-D6608DFC7118}.Release|Any CPU.ActiveCfg = Release|Any CPU
		{3BFEF32D-99ED-4D7B-B3E6-D6608DFC7118}.Release|Any CPU.Build.0 = Release|Any CPU
		{61DC0495-3830-4788-8221-11F8A0B71226}.Debug|Any CPU.ActiveCfg = Debug|Any CPU
		{61DC0495-3830-4788-8221-11F8A0B71226}.Debug|Any CPU.Build.0 = Debug|Any CPU
		{61DC0495-3830-4788-8221-11F8A0B71226}.Release|Any CPU.ActiveCfg = Release|Any CPU
		{61DC0495-3830-4788-8221-11F8A0B71226}.Release|Any CPU.Build.0 = Release|Any CPU
		{93858434-B820-423B-8CF8-005A18C5A291}.Debug|Any CPU.ActiveCfg = Debug|Any CPU
		{93858434-B820-423B-8CF8-005A18C5A291}.Debug|Any CPU.Build.0 = Debug|Any CPU
		{93858434-B820-423B-8CF8-005A18C5A291}.Release|Any CPU.ActiveCfg = Release|Any CPU
		{93858434-B820-423B-8CF8-005A18C5A291}.Release|Any CPU.Build.0 = Release|Any CPU
		{27118DFF-1E5B-4199-ACF0-F7108714414E}.Debug|Any CPU.ActiveCfg = Debug|Any CPU
		{27118DFF-1E5B-4199-ACF0-F7108714414E}.Debug|Any CPU.Build.0 = Debug|Any CPU
		{27118DFF-1E5B-4199-ACF0-F7108714414E}.Release|Any CPU.ActiveCfg = Release|Any CPU
		{27118DFF-1E5B-4199-ACF0-F7108714414E}.Release|Any CPU.Build.0 = Release|Any CPU
		{C0F4D966-78C8-4304-BFEF-77E1037A1DBE}.Debug|Any CPU.ActiveCfg = Debug|Any CPU
		{C0F4D966-78C8-4304-BFEF-77E1037A1DBE}.Debug|Any CPU.Build.0 = Debug|Any CPU
		{C0F4D966-78C8-4304-BFEF-77E1037A1DBE}.Release|Any CPU.ActiveCfg = Release|Any CPU
		{C0F4D966-78C8-4304-BFEF-77E1037A1DBE}.Release|Any CPU.Build.0 = Release|Any CPU
		{782543DD-881E-49E8-B610-3563AAD8B5A6}.Debug|Any CPU.ActiveCfg = Debug|Any CPU
		{782543DD-881E-49E8-B610-3563AAD8B5A6}.Debug|Any CPU.Build.0 = Debug|Any CPU
		{782543DD-881E-49E8-B610-3563AAD8B5A6}.Release|Any CPU.ActiveCfg = Release|Any CPU
		{782543DD-881E-49E8-B610-3563AAD8B5A6}.Release|Any CPU.Build.0 = Release|Any CPU
		{BDC3D937-7637-4992-81EF-28EBB48C64B8}.Debug|Any CPU.ActiveCfg = Debug|Any CPU
		{BDC3D937-7637-4992-81EF-28EBB48C64B8}.Debug|Any CPU.Build.0 = Debug|Any CPU
		{BDC3D937-7637-4992-81EF-28EBB48C64B8}.Release|Any CPU.ActiveCfg = Release|Any CPU
		{BDC3D937-7637-4992-81EF-28EBB48C64B8}.Release|Any CPU.Build.0 = Release|Any CPU
		{CB054E13-EFA9-4B02-AE51-749F32D4CCC1}.Debug|Any CPU.ActiveCfg = Debug|Any CPU
		{CB054E13-EFA9-4B02-AE51-749F32D4CCC1}.Debug|Any CPU.Build.0 = Debug|Any CPU
		{CB054E13-EFA9-4B02-AE51-749F32D4CCC1}.Release|Any CPU.ActiveCfg = Release|Any CPU
		{CB054E13-EFA9-4B02-AE51-749F32D4CCC1}.Release|Any CPU.Build.0 = Release|Any CPU
		{DC8D9759-1C0B-4E0C-BEE9-22DF2F43530D}.Debug|Any CPU.ActiveCfg = Debug|Any CPU
		{DC8D9759-1C0B-4E0C-BEE9-22DF2F43530D}.Debug|Any CPU.Build.0 = Debug|Any CPU
		{DC8D9759-1C0B-4E0C-BEE9-22DF2F43530D}.Release|Any CPU.ActiveCfg = Release|Any CPU
		{DC8D9759-1C0B-4E0C-BEE9-22DF2F43530D}.Release|Any CPU.Build.0 = Release|Any CPU
		{06F46C11-40B5-4A20-BD55-00D0A68FDE3E}.Debug|Any CPU.ActiveCfg = Debug|Any CPU
		{06F46C11-40B5-4A20-BD55-00D0A68FDE3E}.Debug|Any CPU.Build.0 = Debug|Any CPU
		{06F46C11-40B5-4A20-BD55-00D0A68FDE3E}.Release|Any CPU.ActiveCfg = Release|Any CPU
		{06F46C11-40B5-4A20-BD55-00D0A68FDE3E}.Release|Any CPU.Build.0 = Release|Any CPU
		{ACB7C35D-D74B-49FE-B681-974AF22CAFFF}.Debug|Any CPU.ActiveCfg = Debug|Any CPU
		{ACB7C35D-D74B-49FE-B681-974AF22CAFFF}.Debug|Any CPU.Build.0 = Debug|Any CPU
		{ACB7C35D-D74B-49FE-B681-974AF22CAFFF}.Release|Any CPU.ActiveCfg = Release|Any CPU
		{ACB7C35D-D74B-49FE-B681-974AF22CAFFF}.Release|Any CPU.Build.0 = Release|Any CPU
		{A1343039-E5BA-4B01-9F95-4C396608F507}.Debug|Any CPU.ActiveCfg = Debug|Any CPU
		{A1343039-E5BA-4B01-9F95-4C396608F507}.Debug|Any CPU.Build.0 = Debug|Any CPU
		{A1343039-E5BA-4B01-9F95-4C396608F507}.Release|Any CPU.ActiveCfg = Release|Any CPU
		{A1343039-E5BA-4B01-9F95-4C396608F507}.Release|Any CPU.Build.0 = Release|Any CPU
		{1F166D34-1A47-4260-BDE5-A7B8429C7C68}.Debug|Any CPU.ActiveCfg = Debug|Any CPU
		{1F166D34-1A47-4260-BDE5-A7B8429C7C68}.Debug|Any CPU.Build.0 = Debug|Any CPU
		{1F166D34-1A47-4260-BDE5-A7B8429C7C68}.Release|Any CPU.ActiveCfg = Release|Any CPU
		{1F166D34-1A47-4260-BDE5-A7B8429C7C68}.Release|Any CPU.Build.0 = Release|Any CPU
		{717E0234-A05B-41C4-86AC-55DBBAD67AC0}.Debug|Any CPU.ActiveCfg = Debug|Any CPU
		{717E0234-A05B-41C4-86AC-55DBBAD67AC0}.Debug|Any CPU.Build.0 = Debug|Any CPU
		{717E0234-A05B-41C4-86AC-55DBBAD67AC0}.Release|Any CPU.ActiveCfg = Release|Any CPU
		{717E0234-A05B-41C4-86AC-55DBBAD67AC0}.Release|Any CPU.Build.0 = Release|Any CPU
		{8B10A8A9-A86B-41C3-9565-35AF8F592816}.Debug|Any CPU.ActiveCfg = Debug|Any CPU
		{8B10A8A9-A86B-41C3-9565-35AF8F592816}.Debug|Any CPU.Build.0 = Debug|Any CPU
		{8B10A8A9-A86B-41C3-9565-35AF8F592816}.Release|Any CPU.ActiveCfg = Release|Any CPU
		{8B10A8A9-A86B-41C3-9565-35AF8F592816}.Release|Any CPU.Build.0 = Release|Any CPU
		{3DCB12D6-7362-4B47-9D07-A6BFC3F5B07B}.Debug|Any CPU.ActiveCfg = Debug|Any CPU
		{3DCB12D6-7362-4B47-9D07-A6BFC3F5B07B}.Debug|Any CPU.Build.0 = Debug|Any CPU
		{3DCB12D6-7362-4B47-9D07-A6BFC3F5B07B}.Release|Any CPU.ActiveCfg = Release|Any CPU
		{3DCB12D6-7362-4B47-9D07-A6BFC3F5B07B}.Release|Any CPU.Build.0 = Release|Any CPU
	EndGlobalSection
	GlobalSection(SolutionProperties) = preSolution
		HideSolutionNode = FALSE
	EndGlobalSection
	GlobalSection(ExtensibilityGlobals) = postSolution
		SolutionGuid = {DD8B3E0C-E6DB-4754-84F1-80ADF82D973A}
	EndGlobalSection
EndGlobal
